{
    "name": "eagle-cbz-cbr-reader",
    "version": "1.2.0",
    "lockfileVersion": 3,
    "requires": true,
    "packages": {
        "": {
            "name": "eagle-cbz-cbr-reader",
            "version": "1.1.0",
            "dependencies": {
                "@napi-rs/image": "^1.14.0",
                "image-size": "^1.1.1",
                "node-unrar-js": "^2.0.2",
                "yauzl": "^2.10.0",
                "yazl": "^3.3.1"
            }
        },
        "node_modules/@emnapi/core": {
            "version": "1.11.1",
            "resolved": "https://registry.npmjs.org/@emnapi/core/-/core-1.11.1.tgz",
            "integrity": "sha512-RSvbQmHzdKzNsLYa/wHrbc3KN4sYLKAdPZxqiM2HATqv/SBk2/ENSHpvXGaLOMcsAyz0poEGqkmmKYG3OWiJEQ==",
            "license": "MIT",
            "optional": true,
            "dependencies": {
                "@emnapi/wasi-threads": "1.2.2",
                "tslib": "^2.4.0"
            }
        },
        "node_modules/@emnapi/runtime": {
            "version": "1.11.1",
            "resolved": "https://registry.npmjs.org/@emnapi/runtime/-/runtime-1.11.1.tgz",
            "integrity": "sha512-vgj7R3y3Wgx24IQaGPA/R6YFXLHVMOZ0uVEyIQPaWs+rd1AzfEMXlAC22FYwO1XkKR6NPsq7mUandH8oIRdZFw==",
            "license": "MIT",
            "optional": true,
            "dependencies": {
                "tslib": "^2.4.0"
            }
        },
        "node_modules/@emnapi/wasi-threads": {
            "version": "1.2.2",
            "resolved": "https://registry.npmjs.org/@emnapi/wasi-threads/-/wasi-threads-1.2.2.tgz",
            "integrity": "sha512-c95qOXkHdydNKhscBTebqEC1CVAZpyqOfVfBzQ1qgzyl3gfeldUjIggDbIZgDKsHLgnsM+igH7TJ/eAasaVuMA==",
            "license": "MIT",
            "optional": true,
            "dependencies": {
                "tslib": "^2.4.0"
            }
        },
        "node_modules/@napi-rs/image": {
            "version": "1.14.0",
            "resolved": "https://registry.npmjs.org/@napi-rs/image/-/image-1.14.0.tgz",
            "integrity": "sha512-pmwJPWY6R063luNBEP9msq9lFu+kYVMiQTJRSpyGnzYnnerYpT3U4vCgFhhVR3jypCgCVWi9viDLoEJoZoIA1w==",
            "license": "MIT",
            "engines": {
                "node": ">= 10"
            },
            "funding": {
                "type": "github",
                "url": "https://github.com/sponsors/Brooooooklyn"
            },
            "optionalDependencies": {
                "@napi-rs/image-android-arm64": "1.14.0",
                "@napi-rs/image-darwin-arm64": "1.14.0",
                "@napi-rs/image-darwin-x64": "1.14.0",
                "@napi-rs/image-freebsd-x64": "1.14.0",
                "@napi-rs/image-linux-arm-gnueabihf": "1.14.0",
                "@napi-rs/image-linux-arm64-gnu": "1.14.0",
                "@napi-rs/image-linux-arm64-musl": "1.14.0",
                "@napi-rs/image-linux-x64-gnu": "1.14.0",
                "@napi-rs/image-linux-x64-musl": "1.14.0",
                "@napi-rs/image-wasm32-wasi": "1.14.0",
                "@napi-rs/image-win32-arm64-msvc": "1.14.0",
                "@napi-rs/image-win32-ia32-msvc": "1.14.0",
                "@napi-rs/image-win32-x64-msvc": "1.14.0"
            }
        },
        "node_modules/@napi-rs/image-android-arm64": {
            "version": "1.14.0",
            "resolved": "https://registry.npmjs.org/@napi-rs/image-android-arm64/-/image-android-arm64-1.14.0.tgz",
            "integrity": "sha512-LBWu1fNR7uC6kNQy+axDqXKU7Kj1x3UdD3xGKw/bks6YAUG15m92qwSwINDEB4Jqgl29vCeSNFItJZRm3byfJQ==",
            "cpu": [
                "arm64"
            ],
            "license": "MIT",
            "optional": true,
            "os": [
                "android"
            ],
            "engines": {
                "node": ">= 10"
            }
        },
        "node_modules/@napi-rs/image-darwin-arm64": {
            "version": "1.14.0",
            "resolved": "https://registry.npmjs.org/@napi-rs/image-darwin-arm64/-/image-darwin-arm64-1.14.0.tgz",
            "integrity": "sha512-0f7SqjtXHelxbwkqdpUb/5yhVK7ciVoe902hqCeffhAFsJA7HQbEbzfM8W1MDawI6Ghenr5zHYQimWf1W1vaow==",
            "cpu": [
                "arm64"
            ],
            "license": "MIT",
            "optional": true,
            "os": [
                "darwin"
            ],
            "engines": {
                "node": ">= 10"
            }
        },
        "node_modules/@napi-rs/image-darwin-x64": {
            "version": "1.14.0",
            "resolved": "https://registry.npmjs.org/@napi-rs/image-darwin-x64/-/image-darwin-x64-1.14.0.tgz",
            "integrity": "sha512-wi6w06N516QzSd/QMre/Ye92mA4b5E2yQfr1+Hhml3tWrIM2Po2QvxBO9ns0AaG8u6y8b545bDzQCGLTfBykyQ==",
            "cpu": [
                "x64"
            ],
            "license": "MIT",
            "optional": true,
            "os": [
                "darwin"
            ],
            "engines": {
                "node": ">= 10"
            }
        },
        "node_modules/@napi-rs/image-freebsd-x64": {
            "version": "1.14.0",
            "resolved": "https://registry.npmjs.org/@napi-rs/image-freebsd-x64/-/image-freebsd-x64-1.14.0.tgz",
            "integrity": "sha512-Sz1XSGF6/Xmjb33CbWLOb7h6+ekmoJRGsN0bdnzn8W86OHPTSsIbTOMtqp9ZXTLQNJgeXQhprQhhmRFNRqq0Gg==",
            "cpu": [
                "x64"
            ],
            "license": "MIT",
            "optional": true,
            "os": [
                "freebsd"
            ],
            "engines": {
                "node": ">= 10"
            }
        },
        "node_modules/@napi-rs/image-linux-arm-gnueabihf": {
            "version": "1.14.0",
            "resolved": "https://registry.npmjs.org/@napi-rs/image-linux-arm-gnueabihf/-/image-linux-arm-gnueabihf-1.14.0.tgz",
            "integrity": "sha512-ZsJ+0Rl3Ke1DN+W4lQMSzsfrwskjP4CkUsqOT7Y/HpziwirQn9R2fl2QU2Kb2eDSQvwSvGbRCkMLqH+4V4rzHg==",
            "cpu": [
                "arm"
            ],
            "license": "MIT",
            "optional": true,
            "os": [
                "linux"
            ],
            "engines": {
                "node": ">= 10"
            }
        },
        "node_modules/@napi-rs/image-linux-arm64-gnu": {
            "version": "1.14.0",
            "resolved": "https://registry.npmjs.org/@napi-rs/image-linux-arm64-gnu/-/image-linux-arm64-gnu-1.14.0.tgz",
            "integrity": "sha512-J06fGFXt76fAGEaCb3uyPQgZrwvGbpYZycA4Xz6F5dauVgcLPw75syXmggode5G+a0cSg40fjddXMvSWhPwHGQ==",
            "cpu": [
                "arm64"
            ],
            "license": "MIT",
            "optional": true,
            "os": [
                "linux"
            ],
            "engines": {
                "node": ">= 10"
            }
        },
        "node_modules/@napi-rs/image-linux-arm64-musl": {
            "version": "1.14.0",
            "resolved": "https://registry.npmjs.org/@napi-rs/image-linux-arm64-musl/-/image-linux-arm64-musl-1.14.0.tgz",
            "integrity": "sha512-AH8WvQb58ix9/RHB+9XNF2rOB8aAnFHzj0hDCCZCplRGHmv9BzOtA+IWdf5l4f7KmEJUohY+MxVWJ1jfpgn+JQ==",
            "cpu": [
                "arm64"
            ],
            "license": "MIT",
            "optional": true,
            "os": [
                "linux"
            ],
            "engines": {
                "node": ">= 10"
            }
        },
        "node_modules/@napi-rs/image-linux-x64-gnu": {
            "version": "1.14.0",
            "resolved": "https://registry.npmjs.org/@napi-rs/image-linux-x64-gnu/-/image-linux-x64-gnu-1.14.0.tgz",
            "integrity": "sha512-oU3wnQcDeZf+t8vyKMP4A6okY7JNjRbiiC7j8UsJ2lDf0no3GDQEJCCFDrQ7gCKQZAI7cr0rFbI75l2KlTM0PQ==",
            "cpu": [
                "x64"
            ],
            "license": "MIT",
            "optional": true,
            "os": [
                "linux"
            ],
            "engines": {
                "node": ">= 10"
            }
        },
        "node_modules/@napi-rs/image-linux-x64-musl": {
            "version": "1.14.0",
            "resolved": "https://registry.npmjs.org/@napi-rs/image-linux-x64-musl/-/image-linux-x64-musl-1.14.0.tgz",
            "integrity": "sha512-iuDTfVmFm9W6S4gzLNdSFt+Wr86LtciJJ+u2i0KBixpFYoHzeIkUr6LHBIkYg3eNdi7xHBb9qFBvxxhFQg4tUQ==",
            "cpu": [
                "x64"
            ],
            "license": "MIT",
            "optional": true,
            "os": [
                "linux"
            ],
            "engines": {
                "node": ">= 10"
            }
        },
        "node_modules/@napi-rs/image-wasm32-wasi": {
            "version": "1.14.0",
            "resolved": "https://registry.npmjs.org/@napi-rs/image-wasm32-wasi/-/image-wasm32-wasi-1.14.0.tgz",
            "integrity": "sha512-XRAbAQVWSm4wQzYwnTtOHD+ev6dRHUxLxmFQe5Nbev12dspqkB40zsDJ/yr4VwnV80gIfEfg7BvRLw9FFvLRlg==",
            "cpu": [
                "wasm32"
            ],
            "license": "MIT",
            "optional": true,
            "dependencies": {
                "@emnapi/core": "1.11.1",
                "@emnapi/runtime": "1.11.1",
                "@napi-rs/wasm-runtime": "^1.1.6"
            },
            "engines": {
                "node": ">=14.0.0"
            }
        },
        "node_modules/@napi-rs/image-win32-arm64-msvc": {
            "version": "1.14.0",
            "resolved": "https://registry.npmjs.org/@napi-rs/image-win32-arm64-msvc/-/image-win32-arm64-msvc-1.14.0.tgz",
            "integrity": "sha512-Wuq0AfN5rjrv2SkJTubIIYW//B5aBloPxND9GxRHKgGkLhyiSxBD6iOCQA1M/n12rvF9BWeadDDO8JLoO3iRHA==",
            "cpu": [
                "arm64"
            ],
            "license": "MIT",
            "optional": true,
            "os": [
                "win32"
            ],
            "engines": {
                "node": ">= 10"
            }
        },
        "node_modules/@napi-rs/image-win32-ia32-msvc": {
            "version": "1.14.0",
            "resolved": "https://registry.npmjs.org/@napi-rs/image-win32-ia32-msvc/-/image-win32-ia32-msvc-1.14.0.tgz",
            "integrity": "sha512-Idb+OyISq24YRdO8iU+BC6QaN4pU6HpC+SRrxFOftWJg0xXPzfPfpwpwdviduJK/SjJcHe02nhUq3HKHtUEnWQ==",
            "cpu": [
                "ia32"
            ],
            "license": "MIT",
            "optional": true,
            "os": [
                "win32"
            ],
            "engines": {
                "node": ">= 10"
            }
        },
        "node_modules/@napi-rs/image-win32-x64-msvc": {
            "version": "1.14.0",
            "resolved": "https://registry.npmjs.org/@napi-rs/image-win32-x64-msvc/-/image-win32-x64-msvc-1.14.0.tgz",
            "integrity": "sha512-Hq5BY3+FeNehRe1VPhVQ28dGTSWlxnGAHeoF7/GpgeWBfltLT5+DpkV+FPyq6ju49kG1aFofE+IlSGi5sMJ0Kw==",
            "cpu": [
                "x64"
            ],
            "license": "MIT",
            "optional": true,
            "os": [
                "win32"
            ],
            "engines": {
                "node": ">= 10"
            }
        },
        "node_modules/@napi-rs/wasm-runtime": {
            "version": "1.2.2",
            "resolved": "https://registry.npmjs.org/@napi-rs/wasm-runtime/-/wasm-runtime-1.2.2.tgz",
            "integrity": "sha512-JfB4kuJQjaoHuCTseIINHtHWeJnvgEcxjwA5t/Y00ZgaOO1Crz3fjT/p8kT28zA/Caz7oiUMn3d6H2yOVCVwuw==",
            "license": "MIT",
            "optional": true,
            "dependencies": {
                "@tybys/wasm-util": "^0.10.3"
            },
            "engines": {
                "node": "^20.19.0 || ^22.13.0 || >=23.5.0"
            },
            "funding": {
                "type": "github",
                "url": "https://github.com/sponsors/Brooooooklyn"
            },
            "peerDependencies": {
                "@emnapi/core": "^1.7.1 || ^2.0.0-alpha.3",
                "@emnapi/runtime": "^1.7.1 || ^2.0.0-alpha.3"
            }
        },
        "node_modules/@tybys/wasm-util": {
            "version": "0.10.3",
            "resolved": "https://registry.npmjs.org/@tybys/wasm-util/-/wasm-util-0.10.3.tgz",
            "integrity": "sha512-F3fo1MYrRJYL3zER0OUOmkutjr1Vp23m7OsSgp7nq4SP6OqX6C/56XFIPAl5bt3zaBRjmW7SGz3u/6LwFpYcOg==",
            "license": "MIT",
            "optional": true,
            "dependencies": {
                "tslib": "^2.4.0"
            }
        },
        "node_modules/buffer-crc32": {
            "version": "0.2.13",
            "resolved": "https://registry.npmjs.org/buffer-crc32/-/buffer-crc32-0.2.13.tgz",
            "integrity": "sha512-VO9Ht/+p3SN7SKWqcrgEzjGbRSJYTx+Q1pTQC0wrWqHx0vpJraQ6GtHx8tvcg1rlK1byhU5gccxgOgj7B0TDkQ==",
            "license": "MIT",
            "engines": {
                "node": "*"
            }
        },
        "node_modules/fd-slicer": {
            "version": "1.1.0",
            "resolved": "https://registry.npmjs.org/fd-slicer/-/fd-slicer-1.1.0.tgz",
            "integrity": "sha512-cE1qsB/VwyQozZ+q1dGxR8LBYNZeofhEdUNGSMbQD3Gw2lAzX9Zb3uIU6Ebc/Fmyjo9AWWfnn0AUCHqtevs/8g==",
            "license": "MIT",
            "dependencies": {
                "pend": "~1.2.0"
            }
        },
        "node_modules/image-size": {
            "version": "1.2.1",
            "resolved": "https://registry.npmjs.org/image-size/-/image-size-1.2.1.tgz",
            "integrity": "sha512-rH+46sQJ2dlwfjfhCyNx5thzrv+dtmBIhPHk0zgRUukHzZ/kRueTJXoYYsclBaKcSMBWuGbOFXtioLpzTb5euw==",
            "license": "MIT",
            "dependencies": {
                "queue": "6.0.2"
            },
            "bin": {
                "image-size": "bin/image-size.js"
            },
            "engines": {
                "node": ">=16.x"
            }
        },
        "node_modules/inherits": {
            "version": "2.0.4",
            "resolved": "https://registry.npmjs.org/inherits/-/inherits-2.0.4.tgz",
            "integrity": "sha512-k/vGaX4/Yla3WzyMCvTQOXYeIHvqOKtnqBduzTHpzpQZzAskKMhZ2K+EnBiSM9zGSoIFeMpXKxa4dYeZIQqewQ==",
            "license": "ISC"
        },
        "node_modules/node-unrar-js": {
            "version": "2.0.2",
            "resolved": "https://registry.npmjs.org/node-unrar-js/-/node-unrar-js-2.0.2.tgz",
            "integrity": "sha512-hLNmoJzqaKJnod8yiTVGe9hnlNRHotUi0CreSv/8HtfRi/3JnRC8DvsmKfeGGguRjTEulhZK6zXX5PXoVuDZ2w==",
            "license": "MIT",
            "engines": {
                "node": ">=10.0.0"
            }
        },
        "node_modules/pend": {
            "version": "1.2.0",
            "resolved": "https://registry.npmjs.org/pend/-/pend-1.2.0.tgz",
            "integrity": "sha512-F3asv42UuXchdzt+xXqfW1OGlVBe+mxa2mqI0pg5yAHZPvFmY3Y6drSf/GQ1A86WgWEN9Kzh/WrgKa6iGcHXLg==",
            "license": "MIT"
        },
        "node_modules/queue": {
            "version": "6.0.2",
            "resolved": "https://registry.npmjs.org/queue/-/queue-6.0.2.tgz",
            "integrity": "sha512-iHZWu+q3IdFZFX36ro/lKBkSvfkztY5Y7HMiPlOUjhupPcG2JMfst2KKEpu5XndviX/3UhFbRngUPNKtgvtZiA==",
            "license": "MIT",
            "dependencies": {
                "inherits": "~2.0.3"
            }
        },
        "node_modules/tslib": {
            "version": "2.8.1",
            "resolved": "https://registry.npmjs.org/tslib/-/tslib-2.8.1.tgz",
            "integrity": "sha512-oJFu94HQb+KVduSUQL7wnpmqnfmLsOA/nAh6b6EH0wCEoK0/mPeXU6c3wKDV83MkOuHPRHtSXKKU99IBazS/2w==",
            "license": "0BSD",
            "optional": true
        },
        "node_modules/yauzl": {
            "version": "2.10.0",
            "resolved": "https://registry.npmjs.org/yauzl/-/yauzl-2.10.0.tgz",
            "integrity": "sha512-p4a9I6X6nu6IhoGmBqAcbJy1mlC4j27vEPZX9F4L4/vZT3Lyq1VkFHw/V/PUcB9Buo+DG3iHkT0x3Qya58zc3g==",
            "license": "MIT",
            "dependencies": {
                "buffer-crc32": "~0.2.3",
                "fd-slicer": "~1.1.0"
            }
        },
        "node_modules/yazl": {
            "version": "3.3.1",
            "resolved": "https://registry.npmjs.org/yazl/-/yazl-3.3.1.tgz",
            "integrity": "sha512-BbETDVWG+VcMUle37k5Fqp//7SDOK2/1+T7X8TD96M3D9G8jK5VLUdQVdVjGi8im7FGkazX7kk5hkU8X4L5Bng==",
            "license": "MIT",
            "dependencies": {
                "buffer-crc32": "^1.0.0"
            }
        },
        "node_modules/yazl/node_modules/buffer-crc32": {
            "version": "1.0.0",
            "resolved": "https://registry.npmjs.org/buffer-crc32/-/buffer-crc32-1.0.0.tgz",
            "integrity": "sha512-Db1SbgBS/fg/392AblrMJk97KggmvYhr4pB5ZIMTWtaivCPMWLkmb7m21cJvpvgK+J3nsU2CmmixNBZx4vFj/w==",
            "license": "MIT",
            "engines": {
                "node": ">=8.0.0"
            }
        }
    }
}
